Microsoft Visual Studio Solution File, Format Version 12.00
# Visual Studio Version 17
VisualStudioVersion = 17.5.2.0
MinimumVisualStudioVersion = 10.0.40219.1
Project("{FAE04EC0-301F-11D3-BF4B-00C04F79EFBC}") = "C6-ReadableCode", "C6-ReadableCode.csproj", "{57C702B4-689E-5D6B-A835-46C60EE10822}"
EndProject
Global
	GlobalSection(SolutionConfigurationPlatforms) = preSolution
		Debug|Any CPU = Debug|Any CPU
		Release|Any CPU = Release|Any CPU
	EndGlobalSection
	GlobalSection(ProjectConfigurationPlatforms) = postSolution
		{57C702B4-689E-5D6B-A835-46C60EE10822}.Debug|Any CPU.ActiveCfg = Debug|Any CPU
		{57C702B4-689E-5D6B-A835-46C60EE10822}.Debug|Any CPU.Build.0 = Debug|Any CPU
		{57C702B4-689E-5D6B-A835-46C60EE10822}.Release|Any CPU.ActiveCfg = Release|Any CPU
		{57C702B4-689E-5D6B-A835-46C60EE10822}.Release|Any CPU.Build.0 = Release|Any CPU
	EndGlobalSection
	GlobalSection(SolutionProperties) = preSolution
		HideSolutionNode = FALSE
	EndGlobalSection
	GlobalSection(ExtensibilityGlobals) = postSolution
		SolutionGuid = {3EFDC70B-23EF-47FF-85F8-72C3B4A10C55}
	EndGlobalSection
EndGlobal
